
Microsoft Visual Studio Solution File, Format Version 12.00
# Visual Studio Version 17
VisualStudioVersion = 17.13.35806.99 d17.13
MinimumVisualStudioVersion = 10.0.40219.1
Project("{FAE04EC0-301F-11D3-BF4B-00C04F79EFBC}") = "PruegaProgreso1UlloaR", "PruegaProgreso1UlloaR\PruegaProgreso1UlloaR.csproj", "{EB16BE1D-E648-45FF-9055-2307230DEDC7}"
EndProject
Global
	GlobalSection(SolutionConfigurationPlatforms) = preSolution
		Debug|Any CPU = Debug|Any CPU
		Release|Any CPU = Release|Any CPU
	EndGlobalSection
	GlobalSection(ProjectConfigurationPlatforms) = postSolution
		{EB16BE1D-E648-45FF-9055-2307230DEDC7}.Debug|Any CPU.ActiveCfg = Debug|Any CPU
		{EB16BE1D-E648-45FF-9055-2307230DEDC7}.Debug|Any CPU.Build.0 = Debug|Any CPU
		{EB16BE1D-E648-45FF-9055-2307230DEDC7}.Release|Any CPU.ActiveCfg = Release|Any CPU
		{EB16BE1D-E648-45FF-9055-2307230DEDC7}.Release|Any CPU.Build.0 = Release|Any CPU
	EndGlobalSection
	GlobalSection(SolutionProperties) = preSolution
		HideSolutionNode = FALSE
	EndGlobalSection
	GlobalSection(ExtensibilityGlobals) = postSolution
		SolutionGuid = {E8BB5C7B-AECB-4FD0-9CD4-48E1E6EC7732}
	EndGlobalSection
EndGlobal
